<?xml version="1.0" encoding="utf-8"?>
<Project ToolsVersion="4.0" xmlns="http://schemas.microsoft.com/developer/msbuild/2003">
  <ItemGroup>
    <Filter Include="Source Files">
      <UniqueIdentifier>{4FC737F1-C7A5-4376-A066-2A32D752A2FF}</UniqueIdentifier>
      <Extensions>cpp;c;cc;cxx;def;odl;idl;hpj;bat;asm;asmx</Extensions>
    </Filter>
    <Filter Include="Header Files">
      <UniqueIdentifier>{93995380-89BD-4b04-88EB-625FBE52EBFB}</UniqueIdentifier>
      <Extensions>h;hh;hpp;hxx;hm;inl;inc;ipp;xsd</Extensions>
    </Filter>
    <Filter Include="Resource Files">
      <UniqueIdentifier>{67DA6AB6-F800-4c08-8B7A-83BB121AAD01}</UniqueIdentifier>
      <Extensions>rc;ico;cur;bmp;dlg;rc2;rct;bin;rgs;gif;jpg;jpeg;jpe;resx;tiff;tif;png;wav;mfcribbon-ms</Extensions>
    </Filter>
    <!--
    <Filter Include="Header Files\RenderManager">
      <UniqueIdentifier>{202cbeca-5ba7-4ecb-b320-e6dca7fe13d4}</UniqueIdentifier>
    </Filter>
    <Filter Include="Source Files\RenderManager">
      <UniqueIdentifier>{e3166113-77a4-43f1-982d-026cc2beccd8}</UniqueIdentifier>
    </Filter>
    <Filter Include="Header Files\ThreadSafeContainers">
      <UniqueIdentifier>{619b78a0-ef1b-4c09-99e4-611463f888f0}</UniqueIdentifier>
    </Filter>
    <Filter Include="Source Files\ThreadSafeContainers">
      <UniqueIdentifier>{2bc86108-ab56-4cd4-9262-b0675b1b23e1}</UniqueIdentifier>
    </Filter>
    <Filter Include="Header Files\Memory">
      <UniqueIdentifier>{618bda40-e764-4bb9-82af-bc31fd5f82fd}</UniqueIdentifier>
    </Filter>
    <Filter Include="Source Files\Memory">
      <UniqueIdentifier>{09faca3f-c83c-412a-a1f3-cca0ed26b3b2}</UniqueIdentifier>
    </Filter>
    <Filter Include="Header Files\Math">
      <UniqueIdentifier>{4d46ee2e-5836-4e33-9df0-d0a0e5054a96}</UniqueIdentifier>
    </Filter>
    <Filter Include="Source Files\Math">
      <UniqueIdentifier>{7619da4b-0dfd-40fc-9809-2962ccc72336}</UniqueIdentifier>
    </Filter>
    <Filter Include="Header Files\InputManager">
      <UniqueIdentifier>{b0aada3c-dfe2-4385-9bdb-c282f84f3c65}</UniqueIdentifier>
    </Filter>
    <Filter Include="Source Files\InputManager">
      <UniqueIdentifier>{5e04cf1d-e8ad-4b24-8cc6-901240d03f96}</UniqueIdentifier>
    </Filter>
    <Filter Include="Source Files\JobSystem">
      <UniqueIdentifier>{5057c607-0e02-4688-b9ee-4082dd699fc2}</UniqueIdentifier>
    </Filter>
    <Filter Include="Header Files\JobSystem">
      <UniqueIdentifier>{ac179cdf-e36e-49ed-9caf-02e3fa368324}</UniqueIdentifier>
    </Filter>
    <Filter Include="Header Files\Utilities">
      <UniqueIdentifier>{c6d85ed8-f30f-4639-bce7-54b1ddd4012a}</UniqueIdentifier>
    </Filter>
    <Filter Include="Source Files\Utilities">
      <UniqueIdentifier>{573097dc-adaa-4de1-950b-3482f0f952c3}</UniqueIdentifier>
    </Filter>
    <Filter Include="Header Files\ResourceManager">
      <UniqueIdentifier>{de31502d-8229-4fde-a574-b4c625d8aefa}</UniqueIdentifier>
    </Filter>
    <Filter Include="Source Files\ResourceManager">
      <UniqueIdentifier>{4556b226-88cb-403f-9b0b-fa6bdb23581a}</UniqueIdentifier>
    </Filter>
    -->
  </ItemGroup>
  <ItemGroup>
    <ClCompile Include="main.cpp">
      <Filter>Source Files</Filter>
    </ClCompile>
    <ClCompile Include="Engine.cpp">
      <Filter>Source Files</Filter>
    </ClCompile>
    <ClCompile Include="Math\Matrix.cpp">
      <Filter>Source Files</Filter>
    </ClCompile>
    <ClCompile Include="Math\Quaternion.cpp">
      <Filter>Source Files</Filter>
    </ClCompile>
    <ClCompile Include="Math\Vector.cpp">
      <Filter>Source Files</Filter>
    </ClCompile>
    <ClCompile Include="InputManager\InputManager.cpp">
      <Filter>Source Files</Filter>
    </ClCompile>
    <ClCompile Include="Memory\MemoryManager.cpp">
      <Filter>Source Files</Filter>
    </ClCompile>
    <ClCompile Include="RenderManager\Renderer.cpp">
      <Filter>Source Files</Filter>
    </ClCompile>
    <ClCompile Include="RenderManager\Window.cpp">
      <Filter>Source Files</Filter>
    </ClCompile>
    <ClCompile Include="ResourceManager\ResourceManager.cpp">
      <Filter>Source Files</Filter>
    </ClCompile>
    <ClCompile Include="Utilities\Utilities.cpp">
      <Filter>Source Files</Filter>
    </ClCompile>
    <ClCompile Include="JobSystem\JobSystem.cpp">
      <Filter>Source Files</Filter>
    </ClCompile>
    <ClCompile Include="RenderManager\FrameResources.cpp">
      <Filter>Source Files</Filter>
    </ClCompile>
    <ClCompile Include="RenderManager\d3dUtil.cpp">
      <Filter>Source Files</Filter>
    </ClCompile>
    <ClCompile Include="RenderManager\Camera.cpp">
      <Filter>Source Files</Filter>
    </ClCompile>
    <ClCompile Include="RenderManager\MathHelper.cpp">
      <Filter>Source Files</Filter>
    </ClCompile>
    <ClCompile Include="RenderManager\Timer.cpp">
      <Filter>Source Files</Filter>
    </ClCompile>
    <ClCompile Include="RenderManager\Scene.cpp">
      <Filter>Source Files</Filter>
    </ClCompile>
    <ClCompile Include="RenderManager\Object.cpp">
      <Filter>Source Files</Filter>
    </ClCompile>
    <ClCompile Include="RenderManager\DDSTextureLoader12.cpp">
      <Filter>Source Files</Filter>
    </ClCompile>
    <ClCompile Include="Collision\BroadCollide.cpp">
      <Filter>Source Files</Filter>
    </ClCompile>
    <ClCompile Include="Collision\CollisionEngine.cpp">
      <Filter>Source Files</Filter>
    </ClCompile>
    <ClCompile Include="Collision\Contact.cpp">
      <Filter>Source Files</Filter>
    </ClCompile>
    <ClCompile Include="Collision\NarrowCollide.cpp">
      <Filter>Source Files</Filter>
    </ClCompile>
    <ClCompile Include="Collision\RigidBody.cpp">
      <Filter>Source Files</Filter>
    </ClCompile>
    <ClCompile Include="Gameplay\GameObject.cpp">
      <Filter>Source Files</Filter>
    </ClCompile>
    <ClCompile Include="Collision\CollisionObject.cpp">
      <Filter>Source Files</Filter>
    </ClCompile>
  </ItemGroup>
  <ItemGroup>
    <ClInclude Include="Engine.h">
      <Filter>Header Files</Filter>
    </ClInclude>
    <ClInclude Include="d3dx12.h">
      <Filter>Header Files</Filter>
    </ClInclude>
    <ClInclude Include="Math\Line.h">
      <Filter>Header Files</Filter>
    </ClInclude>
    <ClInclude Include="Math\Matrix.h">
      <Filter>Header Files</Filter>
    </ClInclude>
    <ClInclude Include="Math\Plane.h">
      <Filter>Header Files</Filter>
    </ClInclude>
    <ClInclude Include="Math\Quaternion.h">
      <Filter>Header Files</Filter>
    </ClInclude>
    <ClInclude Include="Math\Vector.h">
      <Filter>Header Files</Filter>
    </ClInclude>
    <ClInclude Include="InputManager\InputManager.h">
      <Filter>Header Files</Filter>
    </ClInclude>
    <ClInclude Include="Memory\GeneralAllocator.h">
      <Filter>Header Files</Filter>
    </ClInclude>
    <ClInclude Include="Memory\LinearAllocator.h">
      <Filter>Header Files</Filter>
    </ClInclude>
    <ClInclude Include="Memory\memory.h">
      <Filter>Header Files</Filter>
    </ClInclude>
    <ClInclude Include="Memory\MemoryManager.h">
      <Filter>Header Files</Filter>
    </ClInclude>
    <ClInclude Include="Memory\PoolAllocator.h">
      <Filter>Header Files</Filter>
    </ClInclude>
    <ClInclude Include="Memory\StackAllocator.h">
      <Filter>Header Files</Filter>
    </ClInclude>
    <ClInclude Include="RenderManager\Renderer.h">
      <Filter>Header Files</Filter>
    </ClInclude>
    <ClInclude Include="RenderManager\UploadBuffer.h">
      <Filter>Header Files</Filter>
    </ClInclude>
    <ClInclude Include="RenderManager\Window.h">
      <Filter>Header Files</Filter>
    </ClInclude>
    <ClInclude Include="ResourceManager\ResourceManager.h">
      <Filter>Header Files</Filter>
    </ClInclude>
    <ClInclude Include="Utilities\Utilities.h">
      <Filter>Header Files</Filter>
    </ClInclude>
    <ClInclude Include="JobSystem\JobSystem.h">
      <Filter>Header Files</Filter>
    </ClInclude>
    <ClInclude Include="ThreadSafeContainers\Queue.h">
      <Filter>Header Files</Filter>
    </ClInclude>
    <ClInclude Include="ThreadSafeContainers\HashTable.h">
      <Filter>Header Files</Filter>
    </ClInclude>
    <ClInclude Include="d3dx12.h">
      <Filter>Header Files</Filter>
    </ClInclude>
    <ClInclude Include="RenderManager\FrameResources.h">
      <Filter>Header Files</Filter>
    </ClInclude>
    <ClInclude Include="RenderManager\Camera.h">
      <Filter>Header Files</Filter>
    </ClInclude>
    <ClInclude Include="RenderManager\d3dUtil.h">
      <Filter>Header Files</Filter>
    </ClInclude>
    <ClInclude Include="RenderManager\MathHelper.h">
      <Filter>Header Files</Filter>
    </ClInclude>
    <ClInclude Include="RenderManager\RenderItem.h">
      <Filter>Header Files</Filter>
    </ClInclude>
    <ClInclude Include="RenderManager\Timer.h">
      <Filter>Header Files</Filter>
    </ClInclude>
    <ClInclude Include="RenderManager\Scene.h">
      <Filter>Header Files</Filter>
    </ClInclude>
    <ClInclude Include="RenderManager\Object.h">
      <Filter>Header Files</Filter>
    </ClInclude>
    <ClInclude Include="RenderManager\DDSTextureLoader12.h">
      <Filter>Header Files</Filter>
    </ClInclude>
    <ClInclude Include="Gameplay\GameObject.h">
      <Filter>Header Files</Filter>
    </ClInclude>
    <ClInclude Include="Collision\BroadCollide.h">
      <Filter>Header Files</Filter>
    </ClInclude>
    <ClInclude Include="Collision\CollisionEngine.h">
      <Filter>Header Files</Filter>
    </ClInclude>
    <ClInclude Include="Collision\CollisionObject.h">
      <Filter>Header Files</Filter>
    </ClInclude>
    <ClInclude Include="Collision\Contact.h">
      <Filter>Header Files</Filter>
    </ClInclude>
    <ClInclude Include="Collision\NarrowCollide.h">
      <Filter>Header Files</Filter>
    </ClInclude>
    <ClInclude Include="Collision\RigidBody.h">
      <Filter>Header Files</Filter>
    </ClInclude>
  </ItemGroup>
  <ItemGroup>
    <None Include="packages.config" />
  </ItemGroup>
</Project>